// !$*UTF8*$!
{
	archiveVersion = 1;
	classes = {
	};
	objectVersion = 50;
	objects = {

/* Begin PBXBuildFile section */
		826936702609CD0100755ABE /* BlackUtils.framework in Frameworks */ = {isa = PBXBuildFile; fileRef = 826936662609CD0100755ABE /* BlackUtils.framework */; };
		8269368D2609CDB800755ABE /* BlackUtils.h in Headers */ = {isa = PBXBuildFile; fileRef = 826936882609CDB800755ABE /* BlackUtils.h */; settings = {ATTRIBUTES = (Public, ); }; };
		826936C52609CE8200755ABE /* AppKit.Alert.swift in Sources */ = {isa = PBXBuildFile; fileRef = 826936992609CE8100755ABE /* AppKit.Alert.swift */; };
		826936C62609CE8200755ABE /* AppKit.Appearance.swift in Sources */ = {isa = PBXBuildFile; fileRef = 8269369A2609CE8100755ABE /* AppKit.Appearance.swift */; };
		826936C72609CE8200755ABE /* AppKit.View.swift in Sources */ = {isa = PBXBuildFile; fileRef = 8269369B2609CE8100755ABE /* AppKit.View.swift */; };
		826936C82609CE8200755ABE /* AppKit.ViewController.swift in Sources */ = {isa = PBXBuildFile; fileRef = 8269369C2609CE8200755ABE /* AppKit.ViewController.swift */; };
		826936C92609CE8200755ABE /* AppKit.Window.swift in Sources */ = {isa = PBXBuildFile; fileRef = 8269369D2609CE8200755ABE /* AppKit.Window.swift */; };
		826936CA2609CE8200755ABE /* AVFoundation.SampleBuffer.swift in Sources */ = {isa = PBXBuildFile; fileRef = 8269369F2609CE8200755ABE /* AVFoundation.SampleBuffer.swift */; };
		826936CB2609CE8200755ABE /* AVFoundation.swift in Sources */ = {isa = PBXBuildFile; fileRef = 826936A02609CE8200755ABE /* AVFoundation.swift */; };
		826936CC2609CE8200755ABE /* CoreGraphics.Array.swift in Sources */ = {isa = PBXBuildFile; fileRef = 826936A22609CE8200755ABE /* CoreGraphics.Array.swift */; };
		826936CD2609CE8200755ABE /* CoreGraphics.Display.swift in Sources */ = {isa = PBXBuildFile; fileRef = 826936A32609CE8200755ABE /* CoreGraphics.Display.swift */; };
		826936CE2609CE8200755ABE /* CoreGraphics.Event.swift in Sources */ = {isa = PBXBuildFile; fileRef = 826936A42609CE8200755ABE /* CoreGraphics.Event.swift */; };
		826936CF2609CE8200755ABE /* CoreGraphics.General.swift in Sources */ = {isa = PBXBuildFile; fileRef = 826936A52609CE8200755ABE /* CoreGraphics.General.swift */; };
		826936D02609CE8200755ABE /* CoreMedia.swift in Sources */ = {isa = PBXBuildFile; fileRef = 826936A72609CE8200755ABE /* CoreMedia.swift */; };
		826936D12609CE8200755ABE /* CoreVideo.PixelBuffer.swift in Sources */ = {isa = PBXBuildFile; fileRef = 826936A92609CE8200755ABE /* CoreVideo.PixelBuffer.swift */; };
		826936D22609CE8200755ABE /* Foundation.Data.swift in Sources */ = {isa = PBXBuildFile; fileRef = 826936AB2609CE8200755ABE /* Foundation.Data.swift */; };
		826936D32609CE8200755ABE /* Foundation.Dispatch.swift in Sources */ = {isa = PBXBuildFile; fileRef = 826936AC2609CE8200755ABE /* Foundation.Dispatch.swift */; };
		826936D42609CE8200755ABE /* Foundation.Lock.swift in Sources */ = {isa = PBXBuildFile; fileRef = 826936AD2609CE8200755ABE /* Foundation.Lock.swift */; };
		826936D52609CE8200755ABE /* Foundation.System.swift in Sources */ = {isa = PBXBuildFile; fileRef = 826936AE2609CE8200755ABE /* Foundation.System.swift */; };
		826936D62609CE8200755ABE /* Foundation.Thread.Background.swift in Sources */ = {isa = PBXBuildFile; fileRef = 826936AF2609CE8200755ABE /* Foundation.Thread.Background.swift */; };
		826936D72609CE8200755ABE /* Foundation.Thread.Exec.swift in Sources */ = {isa = PBXBuildFile; fileRef = 826936B02609CE8200755ABE /* Foundation.Thread.Exec.swift */; };
		826936D82609CE8200755ABE /* Foundation.Thread.Wait.swift in Sources */ = {isa = PBXBuildFile; fileRef = 826936B12609CE8200755ABE /* Foundation.Thread.Wait.swift */; };
		826936D92609CE8200755ABE /* Foundation.Typedefs.swift in Sources */ = {isa = PBXBuildFile; fileRef = 826936B22609CE8200755ABE /* Foundation.Typedefs.swift */; };
		826936DA2609CE8200755ABE /* Foundation.URL.swift in Sources */ = {isa = PBXBuildFile; fileRef = 826936B32609CE8200755ABE /* Foundation.URL.swift */; };
		826936DB2609CE8200755ABE /* General.Dispatch.swift in Sources */ = {isa = PBXBuildFile; fileRef = 826936B52609CE8200755ABE /* General.Dispatch.swift */; };
		826936DC2609CE8200755ABE /* General.Settings.swift in Sources */ = {isa = PBXBuildFile; fileRef = 826936B62609CE8200755ABE /* General.Settings.swift */; };
		826936DD2609CE8200755ABE /* General.Status.swift in Sources */ = {isa = PBXBuildFile; fileRef = 826936B72609CE8200755ABE /* General.Status.swift */; };
		826936DE2609CE8200755ABE /* Metal.CVMetalTexture.swift in Sources */ = {isa = PBXBuildFile; fileRef = 826936B92609CE8200755ABE /* Metal.CVMetalTexture.swift */; };
		826936DF2609CE8200755ABE /* Metal.Device.swift in Sources */ = {isa = PBXBuildFile; fileRef = 826936BA2609CE8200755ABE /* Metal.Device.swift */; };
		826936E02609CE8200755ABE /* Metal.General.swift in Sources */ = {isa = PBXBuildFile; fileRef = 826936BB2609CE8200755ABE /* Metal.General.swift */; };
		826936E12609CE8200755ABE /* QuartzCore.Layer.swift in Sources */ = {isa = PBXBuildFile; fileRef = 826936BD2609CE8200755ABE /* QuartzCore.Layer.swift */; };
		826936E22609CE8200755ABE /* Swift.Collection.swift in Sources */ = {isa = PBXBuildFile; fileRef = 826936BF2609CE8200755ABE /* Swift.Collection.swift */; };
		826936E32609CE8200755ABE /* Swift.Pointers.swift in Sources */ = {isa = PBXBuildFile; fileRef = 826936C02609CE8200755ABE /* Swift.Pointers.swift */; };
		826936E42609CE8200755ABE /* Swift.String.swift in Sources */ = {isa = PBXBuildFile; fileRef = 826936C12609CE8200755ABE /* Swift.String.swift */; };
		826936E52609CE8200755ABE /* Swift.Struct.swift in Sources */ = {isa = PBXBuildFile; fileRef = 826936C22609CE8200755ABE /* Swift.Struct.swift */; };
		826936E62609CE8200755ABE /* UI.Button.swift in Sources */ = {isa = PBXBuildFile; fileRef = 826936C42609CE8200755ABE /* UI.Button.swift */; };
		8269370A2609D92100755ABE /* AppKit.Window.swift in Sources */ = {isa = PBXBuildFile; fileRef = 8269369D2609CE8200755ABE /* AppKit.Window.swift */; };
		8269370B2609D92100755ABE /* Metal.Device.swift in Sources */ = {isa = PBXBuildFile; fileRef = 826936BA2609CE8200755ABE /* Metal.Device.swift */; };
		8269370C2609D92100755ABE /* Foundation.Thread.Exec.swift in Sources */ = {isa = PBXBuildFile; fileRef = 826936B02609CE8200755ABE /* Foundation.Thread.Exec.swift */; };
		8269370D2609D92100755ABE /* UI.Button.swift in Sources */ = {isa = PBXBuildFile; fileRef = 826936C42609CE8200755ABE /* UI.Button.swift */; };
		8269370E2609D92100755ABE /* CoreGraphics.General.swift in Sources */ = {isa = PBXBuildFile; fileRef = 826936A52609CE8200755ABE /* CoreGraphics.General.swift */; };
		8269370F2609D92100755ABE /* Foundation.Lock.swift in Sources */ = {isa = PBXBuildFile; fileRef = 826936AD2609CE8200755ABE /* Foundation.Lock.swift */; };
		826937102609D92100755ABE /* General.Dispatch.swift in Sources */ = {isa = PBXBuildFile; fileRef = 826936B52609CE8200755ABE /* General.Dispatch.swift */; };
		826937112609D92100755ABE /* Metal.General.swift in Sources */ = {isa = PBXBuildFile; fileRef = 826936BB2609CE8200755ABE /* Metal.General.swift */; };
		826937122609D92100755ABE /* QuartzCore.Layer.swift in Sources */ = {isa = PBXBuildFile; fileRef = 826936BD2609CE8200755ABE /* QuartzCore.Layer.swift */; };
		826937132609D92100755ABE /* Foundation.System.swift in Sources */ = {isa = PBXBuildFile; fileRef = 826936AE2609CE8200755ABE /* Foundation.System.swift */; };
		826937142609D92100755ABE /* AppKit.Alert.swift in Sources */ = {isa = PBXBuildFile; fileRef = 826936992609CE8100755ABE /* AppKit.Alert.swift */; };
		826937152609D92100755ABE /* CoreMedia.swift in Sources */ = {isa = PBXBuildFile; fileRef = 826936A72609CE8200755ABE /* CoreMedia.swift */; };
		826937162609D92100755ABE /* CoreGraphics.Event.swift in Sources */ = {isa = PBXBuildFile; fileRef = 826936A42609CE8200755ABE /* CoreGraphics.Event.swift */; };
		826937172609D92100755ABE /* Foundation.Data.swift in Sources */ = {isa = PBXBuildFile; fileRef = 826936AB2609CE8200755ABE /* Foundation.Data.swift */; };
		826937182609D92100755ABE /* Swift.Struct.swift in Sources */ = {isa = PBXBuildFile; fileRef = 826936C22609CE8200755ABE /* Swift.Struct.swift */; };
		826937192609D92100755ABE /* AppKit.ViewController.swift in Sources */ = {isa = PBXBuildFile; fileRef = 8269369C2609CE8200755ABE /* AppKit.ViewController.swift */; };
		8269371A2609D92100755ABE /* Swift.Pointers.swift in Sources */ = {isa = PBXBuildFile; fileRef = 826936C02609CE8200755ABE /* Swift.Pointers.swift */; };
		8269371B2609D92100755ABE /* Foundation.Dispatch.swift in Sources */ = {isa = PBXBuildFile; fileRef = 826936AC2609CE8200755ABE /* Foundation.Dispatch.swift */; };
		8269371C2609D92100755ABE /* AVFoundation.SampleBuffer.swift in Sources */ = {isa = PBXBuildFile; fileRef = 8269369F2609CE8200755ABE /* AVFoundation.SampleBuffer.swift */; };
		8269371D2609D92100755ABE /* Foundation.Thread.Wait.swift in Sources */ = {isa = PBXBuildFile; fileRef = 826936B12609CE8200755ABE /* Foundation.Thread.Wait.swift */; };
		8269371E2609D92100755ABE /* Metal.CVMetalTexture.swift in Sources */ = {isa = PBXBuildFile; fileRef = 826936B92609CE8200755ABE /* Metal.CVMetalTexture.swift */; };
		8269371F2609D92100755ABE /* AppKit.Appearance.swift in Sources */ = {isa = PBXBuildFile; fileRef = 8269369A2609CE8100755ABE /* AppKit.Appearance.swift */; };
		826937202609D92100755ABE /* Foundation.Typedefs.swift in Sources */ = {isa = PBXBuildFile; fileRef = 826936B22609CE8200755ABE /* Foundation.Typedefs.swift */; };
		826937212609D92100755ABE /* General.Settings.swift in Sources */ = {isa = PBXBuildFile; fileRef = 826936B62609CE8200755ABE /* General.Settings.swift */; };
		826937222609D92100755ABE /* Foundation.Thread.Background.swift in Sources */ = {isa = PBXBuildFile; fileRef = 826936AF2609CE8200755ABE /* Foundation.Thread.Background.swift */; };
		826937232609D92100755ABE /* CoreGraphics.Display.swift in Sources */ = {isa = PBXBuildFile; fileRef = 826936A32609CE8200755ABE /* CoreGraphics.Display.swift */; };
		826937242609D92100755ABE /* Swift.String.swift in Sources */ = {isa = PBXBuildFile; fileRef = 826936C12609CE8200755ABE /* Swift.String.swift */; };
		826937252609D92100755ABE /* CoreGraphics.Array.swift in Sources */ = {isa = PBXBuildFile; fileRef = 826936A22609CE8200755ABE /* CoreGraphics.Array.swift */; };
		826937262609D92100755ABE /* CoreVideo.PixelBuffer.swift in Sources */ = {isa = PBXBuildFile; fileRef = 826936A92609CE8200755ABE /* CoreVideo.PixelBuffer.swift */; };
		826937272609D92100755ABE /* General.Status.swift in Sources */ = {isa = PBXBuildFile; fileRef = 826936B72609CE8200755ABE /* General.Status.swift */; };
		826937282609D92100755ABE /* Foundation.URL.swift in Sources */ = {isa = PBXBuildFile; fileRef = 826936B32609CE8200755ABE /* Foundation.URL.swift */; };
		826937292609D92100755ABE /* AVFoundation.swift in Sources */ = {isa = PBXBuildFile; fileRef = 826936A02609CE8200755ABE /* AVFoundation.swift */; };
		8269372A2609D92100755ABE /* Swift.Collection.swift in Sources */ = {isa = PBXBuildFile; fileRef = 826936BF2609CE8200755ABE /* Swift.Collection.swift */; };
		8269372B2609D92100755ABE /* AppKit.View.swift in Sources */ = {isa = PBXBuildFile; fileRef = 8269369B2609CE8100755ABE /* AppKit.View.swift */; };
/* End PBXBuildFile section */

/* Begin PBXContainerItemProxy section */
		826936712609CD0100755ABE /* PBXContainerItemProxy */ = {
			isa = PBXContainerItemProxy;
			containerPortal = 8269365D2609CD0000755ABE /* Project object */;
			proxyType = 1;
			remoteGlobalIDString = 826936652609CD0100755ABE;
			remoteInfo = BlackUtils;
		};
/* End PBXContainerItemProxy section */

/* Begin PBXFileReference section */
		821F8E7E262D6B7000F23A8C /* Package.swift */ = {isa = PBXFileReference; lastKnownFileType = sourcecode.swift; name = Package.swift; path = ../Package.swift; sourceTree = "<group>"; };
		826936662609CD0100755ABE /* BlackUtils.framework */ = {isa = PBXFileReference; explicitFileType = wrapper.framework; includeInIndex = 0; path = BlackUtils.framework; sourceTree = BUILT_PRODUCTS_DIR; };
		8269366F2609CD0100755ABE /* BlackUtilsTests.xctest */ = {isa = PBXFileReference; explicitFileType = wrapper.cfbundle; includeInIndex = 0; path = BlackUtilsTests.xctest; sourceTree = BUILT_PRODUCTS_DIR; };
		826936882609CDB800755ABE /* BlackUtils.h */ = {isa = PBXFileReference; fileEncoding = 4; lastKnownFileType = sourcecode.c.h; path = BlackUtils.h; sourceTree = "<group>"; };
		8269368C2609CDB800755ABE /* Info.plist */ = {isa = PBXFileReference; fileEncoding = 4; lastKnownFileType = text.plist.xml; path = Info.plist; sourceTree = "<group>"; };
		826936992609CE8100755ABE /* AppKit.Alert.swift */ = {isa = PBXFileReference; fileEncoding = 4; lastKnownFileType = sourcecode.swift; path = AppKit.Alert.swift; sourceTree = "<group>"; };
		8269369A2609CE8100755ABE /* AppKit.Appearance.swift */ = {isa = PBXFileReference; fileEncoding = 4; lastKnownFileType = sourcecode.swift; path = AppKit.Appearance.swift; sourceTree = "<group>"; };
		8269369B2609CE8100755ABE /* AppKit.View.swift */ = {isa = PBXFileReference; fileEncoding = 4; lastKnownFileType = sourcecode.swift; path = AppKit.View.swift; sourceTree = "<group>"; };
		8269369C2609CE8200755ABE /* AppKit.ViewController.swift */ = {isa = PBXFileReference; fileEncoding = 4; lastKnownFileType = sourcecode.swift; path = AppKit.ViewController.swift; sourceTree = "<group>"; };
		8269369D2609CE8200755ABE /* AppKit.Window.swift */ = {isa = PBXFileReference; fileEncoding = 4; lastKnownFileType = sourcecode.swift; path = AppKit.Window.swift; sourceTree = "<group>"; };
		8269369F2609CE8200755ABE /* AVFoundation.SampleBuffer.swift */ = {isa = PBXFileReference; fileEncoding = 4; lastKnownFileType = sourcecode.swift; path = AVFoundation.SampleBuffer.swift; sourceTree = "<group>"; };
		826936A02609CE8200755ABE /* AVFoundation.swift */ = {isa = PBXFileReference; fileEncoding = 4; lastKnownFileType = sourcecode.swift; path = AVFoundation.swift; sourceTree = "<group>"; };
		826936A22609CE8200755ABE /* CoreGraphics.Array.swift */ = {isa = PBXFileReference; fileEncoding = 4; lastKnownFileType = sourcecode.swift; path = CoreGraphics.Array.swift; sourceTree = "<group>"; };
		826936A32609CE8200755ABE /* CoreGraphics.Display.swift */ = {isa = PBXFileReference; fileEncoding = 4; lastKnownFileType = sourcecode.swift; path = CoreGraphics.Display.swift; sourceTree = "<group>"; };
		826936A42609CE8200755ABE /* CoreGraphics.Event.swift */ = {isa = PBXFileReference; fileEncoding = 4; lastKnownFileType = sourcecode.swift; path = CoreGraphics.Event.swift; sourceTree = "<group>"; };
		826936A52609CE8200755ABE /* CoreGraphics.General.swift */ = {isa = PBXFileReference; fileEncoding = 4; lastKnownFileType = sourcecode.swift; path = CoreGraphics.General.swift; sourceTree = "<group>"; };
		826936A72609CE8200755ABE /* CoreMedia.swift */ = {isa = PBXFileReference; fileEncoding = 4; lastKnownFileType = sourcecode.swift; path = CoreMedia.swift; sourceTree = "<group>"; };
		826936A92609CE8200755ABE /* CoreVideo.PixelBuffer.swift */ = {isa = PBXFileReference; fileEncoding = 4; lastKnownFileType = sourcecode.swift; path = CoreVideo.PixelBuffer.swift; sourceTree = "<group>"; };
		826936AB2609CE8200755ABE /* Foundation.Data.swift */ = {isa = PBXFileReference; fileEncoding = 4; lastKnownFileType = sourcecode.swift; path = Foundation.Data.swift; sourceTree = "<group>"; };
		826936AC2609CE8200755ABE /* Foundation.Dispatch.swift */ = {isa = PBXFileReference; fileEncoding = 4; lastKnownFileType = sourcecode.swift; path = Foundation.Dispatch.swift; sourceTree = "<group>"; };
		826936AD2609CE8200755ABE /* Foundation.Lock.swift */ = {isa = PBXFileReference; fileEncoding = 4; lastKnownFileType = sourcecode.swift; path = Foundation.Lock.swift; sourceTree = "<group>"; };
		826936AE2609CE8200755ABE /* Foundation.System.swift */ = {isa = PBXFileReference; fileEncoding = 4; lastKnownFileType = sourcecode.swift; path = Foundation.System.swift; sourceTree = "<group>"; };
		826936AF2609CE8200755ABE /* Foundation.Thread.Background.swift */ = {isa = PBXFileReference; fileEncoding = 4; lastKnownFileType = sourcecode.swift; path = Foundation.Thread.Background.swift; sourceTree = "<group>"; };
		826936B02609CE8200755ABE /* Foundation.Thread.Exec.swift */ = {isa = PBXFileReference; fileEncoding = 4; lastKnownFileType = sourcecode.swift; path = Foundation.Thread.Exec.swift; sourceTree = "<group>"; };
		826936B12609CE8200755ABE /* Foundation.Thread.Wait.swift */ = {isa = PBXFileReference; fileEncoding = 4; lastKnownFileType = sourcecode.swift; path = Foundation.Thread.Wait.swift; sourceTree = "<group>"; };
		826936B22609CE8200755ABE /* Foundation.Typedefs.swift */ = {isa = PBXFileReference; fileEncoding = 4; lastKnownFileType = sourcecode.swift; path = Foundation.Typedefs.swift; sourceTree = "<group>"; };
		826936B32609CE8200755ABE /* Foundation.URL.swift */ = {isa = PBXFileReference; fileEncoding = 4; lastKnownFileType = sourcecode.swift; path = Foundation.URL.swift; sourceTree = "<group>"; };
		826936B52609CE8200755ABE /* General.Dispatch.swift */ = {isa = PBXFileReference; fileEncoding = 4; lastKnownFileType = sourcecode.swift; path = General.Dispatch.swift; sourceTree = "<group>"; };
		826936B62609CE8200755ABE /* General.Settings.swift */ = {isa = PBXFileReference; fileEncoding = 4; lastKnownFileType = sourcecode.swift; path = General.Settings.swift; sourceTree = "<group>"; };
		826936B72609CE8200755ABE /* General.Status.swift */ = {isa = PBXFileReference; fileEncoding = 4; lastKnownFileType = sourcecode.swift; path = General.Status.swift; sourceTree = "<group>"; };
		826936B92609CE8200755ABE /* Metal.CVMetalTexture.swift */ = {isa = PBXFileReference; fileEncoding = 4; lastKnownFileType = sourcecode.swift; path = Metal.CVMetalTexture.swift; sourceTree = "<group>"; };
		826936BA2609CE8200755ABE /* Metal.Device.swift */ = {isa = PBXFileReference; fileEncoding = 4; lastKnownFileType = sourcecode.swift; path = Metal.Device.swift; sourceTree = "<group>"; };
		826936BB2609CE8200755ABE /* Metal.General.swift */ = {isa = PBXFileReference; fileEncoding = 4; lastKnownFileType = sourcecode.swift; path = Metal.General.swift; sourceTree = "<group>"; };
		826936BD2609CE8200755ABE /* QuartzCore.Layer.swift */ = {isa = PBXFileReference; fileEncoding = 4; lastKnownFileType = sourcecode.swift; path = QuartzCore.Layer.swift; sourceTree = "<group>"; };
		826936BF2609CE8200755ABE /* Swift.Collection.swift */ = {isa = PBXFileReference; fileEncoding = 4; lastKnownFileType = sourcecode.swift; path = Swift.Collection.swift; sourceTree = "<group>"; };
		826936C02609CE8200755ABE /* Swift.Pointers.swift */ = {isa = PBXFileReference; fileEncoding = 4; lastKnownFileType = sourcecode.swift; path = Swift.Pointers.swift; sourceTree = "<group>"; };
		826936C12609CE8200755ABE /* Swift.String.swift */ = {isa = PBXFileReference; fileEncoding = 4; lastKnownFileType = sourcecode.swift; path = Swift.String.swift; sourceTree = "<group>"; };
		826936C22609CE8200755ABE /* Swift.Struct.swift */ = {isa = PBXFileReference; fileEncoding = 4; lastKnownFileType = sourcecode.swift; path = Swift.Struct.swift; sourceTree = "<group>"; };
		826936C42609CE8200755ABE /* UI.Button.swift */ = {isa = PBXFileReference; fileEncoding = 4; lastKnownFileType = sourcecode.swift; path = UI.Button.swift; sourceTree = "<group>"; };
		826936F62609D85E00755ABE /* BlackUtils.framework */ = {isa = PBXFileReference; explicitFileType = wrapper.framework; includeInIndex = 0; path = BlackUtils.framework; sourceTree = BUILT_PRODUCTS_DIR; };
/* End PBXFileReference section */

/* Begin PBXFrameworksBuildPhase section */
		826936632609CD0100755ABE /* Frameworks */ = {
			isa = PBXFrameworksBuildPhase;
			buildActionMask = 2147483647;
			files = (
			);
			runOnlyForDeploymentPostprocessing = 0;
		};
		8269366C2609CD0100755ABE /* Frameworks */ = {
			isa = PBXFrameworksBuildPhase;
			buildActionMask = 2147483647;
			files = (
				826936702609CD0100755ABE /* BlackUtils.framework in Frameworks */,
			);
			runOnlyForDeploymentPostprocessing = 0;
		};
		826936F32609D85E00755ABE /* Frameworks */ = {
			isa = PBXFrameworksBuildPhase;
			buildActionMask = 2147483647;
			files = (
			);
			runOnlyForDeploymentPostprocessing = 0;
		};
/* End PBXFrameworksBuildPhase section */

/* Begin PBXGroup section */
		8269365C2609CD0000755ABE = {
			isa = PBXGroup;
			children = (
				826936972609CE8100755ABE /* Apple */,
				826936872609CDB800755ABE /* Xcode */,
				826936672609CD0100755ABE /* Products */,
			);
			sourceTree = "<group>";
		};
		826936672609CD0100755ABE /* Products */ = {
			isa = PBXGroup;
			children = (
				826936662609CD0100755ABE /* BlackUtils.framework */,
				8269366F2609CD0100755ABE /* BlackUtilsTests.xctest */,
				826936F62609D85E00755ABE /* BlackUtils.framework */,
			);
			name = Products;
			sourceTree = "<group>";
		};
		826936872609CDB800755ABE /* Xcode */ = {
			isa = PBXGroup;
			children = (
				826936882609CDB800755ABE /* BlackUtils.h */,
				8269368C2609CDB800755ABE /* Info.plist */,
				821F8E7E262D6B7000F23A8C /* Package.swift */,
			);
			name = Xcode;
			sourceTree = "<group>";
		};
		826936972609CE8100755ABE /* Apple */ = {
			isa = PBXGroup;
			children = (
				826936982609CE8100755ABE /* AppKit */,
				8269369E2609CE8200755ABE /* AVFoundation */,
				826936A12609CE8200755ABE /* CoreGraphics */,
				826936A62609CE8200755ABE /* CoreMedia */,
				826936A82609CE8200755ABE /* CoreVideo */,
				826936AA2609CE8200755ABE /* Foundation */,
				826936B42609CE8200755ABE /* General */,
				826936B82609CE8200755ABE /* Metal */,
				826936BC2609CE8200755ABE /* QuartzCore */,
				826936BE2609CE8200755ABE /* Swift */,
				826936C32609CE8200755ABE /* UI */,
			);
			name = Apple;
			path = ../Apple;
			sourceTree = "<group>";
		};
		826936982609CE8100755ABE /* AppKit */ = {
			isa = PBXGroup;
			children = (
				826936992609CE8100755ABE /* AppKit.Alert.swift */,
				8269369A2609CE8100755ABE /* AppKit.Appearance.swift */,
				8269369B2609CE8100755ABE /* AppKit.View.swift */,
				8269369C2609CE8200755ABE /* AppKit.ViewController.swift */,
				8269369D2609CE8200755ABE /* AppKit.Window.swift */,
			);
			path = AppKit;
			sourceTree = "<group>";
		};
		8269369E2609CE8200755ABE /* AVFoundation */ = {
			isa = PBXGroup;
			children = (
				8269369F2609CE8200755ABE /* AVFoundation.SampleBuffer.swift */,
				826936A02609CE8200755ABE /* AVFoundation.swift */,
			);
			path = AVFoundation;
			sourceTree = "<group>";
		};
		826936A12609CE8200755ABE /* CoreGraphics */ = {
			isa = PBXGroup;
			children = (
				826936A22609CE8200755ABE /* CoreGraphics.Array.swift */,
				826936A32609CE8200755ABE /* CoreGraphics.Display.swift */,
				826936A42609CE8200755ABE /* CoreGraphics.Event.swift */,
				826936A52609CE8200755ABE /* CoreGraphics.General.swift */,
			);
			path = CoreGraphics;
			sourceTree = "<group>";
		};
		826936A62609CE8200755ABE /* CoreMedia */ = {
			isa = PBXGroup;
			children = (
				826936A72609CE8200755ABE /* CoreMedia.swift */,
			);
			path = CoreMedia;
			sourceTree = "<group>";
		};
		826936A82609CE8200755ABE /* CoreVideo */ = {
			isa = PBXGroup;
			children = (
				826936A92609CE8200755ABE /* CoreVideo.PixelBuffer.swift */,
			);
			path = CoreVideo;
			sourceTree = "<group>";
		};
		826936AA2609CE8200755ABE /* Foundation */ = {
			isa = PBXGroup;
			children = (
				826936AB2609CE8200755ABE /* Foundation.Data.swift */,
				826936AC2609CE8200755ABE /* Foundation.Dispatch.swift */,
				826936AD2609CE8200755ABE /* Foundation.Lock.swift */,
				826936AE2609CE8200755ABE /* Foundation.System.swift */,
				826936AF2609CE8200755ABE /* Foundation.Thread.Background.swift */,
				826936B02609CE8200755ABE /* Foundation.Thread.Exec.swift */,
				826936B12609CE8200755ABE /* Foundation.Thread.Wait.swift */,
				826936B22609CE8200755ABE /* Foundation.Typedefs.swift */,
				826936B32609CE8200755ABE /* Foundation.URL.swift */,
			);
			path = Foundation;
			sourceTree = "<group>";
		};
		826936B42609CE8200755ABE /* General */ = {
			isa = PBXGroup;
			children = (
				826936B52609CE8200755ABE /* General.Dispatch.swift */,
				826936B62609CE8200755ABE /* General.Settings.swift */,
				826936B72609CE8200755ABE /* General.Status.swift */,
			);
			path = General;
			sourceTree = "<group>";
		};
		826936B82609CE8200755ABE /* Metal */ = {
			isa = PBXGroup;
			children = (
				826936B92609CE8200755ABE /* Metal.CVMetalTexture.swift */,
				826936BA2609CE8200755ABE /* Metal.Device.swift */,
				826936BB2609CE8200755ABE /* Metal.General.swift */,
			);
			path = Metal;
			sourceTree = "<group>";
		};
		826936BC2609CE8200755ABE /* QuartzCore */ = {
			isa = PBXGroup;
			children = (
				826936BD2609CE8200755ABE /* QuartzCore.Layer.swift */,
			);
			path = QuartzCore;
			sourceTree = "<group>";
		};
		826936BE2609CE8200755ABE /* Swift */ = {
			isa = PBXGroup;
			children = (
				826936BF2609CE8200755ABE /* Swift.Collection.swift */,
				826936C02609CE8200755ABE /* Swift.Pointers.swift */,
				826936C12609CE8200755ABE /* Swift.String.swift */,
				826936C22609CE8200755ABE /* Swift.Struct.swift */,
			);
			path = Swift;
			sourceTree = "<group>";
		};
		826936C32609CE8200755ABE /* UI */ = {
			isa = PBXGroup;
			children = (
				826936C42609CE8200755ABE /* UI.Button.swift */,
			);
			path = UI;
			sourceTree = "<group>";
		};
/* End PBXGroup section */

/* Begin PBXHeadersBuildPhase section */
		826936612609CD0100755ABE /* Headers */ = {
			isa = PBXHeadersBuildPhase;
			buildActionMask = 2147483647;
			files = (
				8269368D2609CDB800755ABE /* BlackUtils.h in Headers */,
			);
			runOnlyForDeploymentPostprocessing = 0;
		};
		826936F12609D85E00755ABE /* Headers */ = {
			isa = PBXHeadersBuildPhase;
			buildActionMask = 2147483647;
			files = (
			);
			runOnlyForDeploymentPostprocessing = 0;
		};
/* End PBXHeadersBuildPhase section */

/* Begin PBXNativeTarget section */
		826936652609CD0100755ABE /* BlackUtilsOSX */ = {
			isa = PBXNativeTarget;
			buildConfigurationList = 8269367A2609CD0100755ABE /* Build configuration list for PBXNativeTarget "BlackUtilsOSX" */;
			buildPhases = (
				826936612609CD0100755ABE /* Headers */,
				826936622609CD0100755ABE /* Sources */,
				826936632609CD0100755ABE /* Frameworks */,
				826936642609CD0100755ABE /* Resources */,
			);
			buildRules = (
			);
			dependencies = (
			);
			name = BlackUtilsOSX;
			productName = BlackUtils;
			productReference = 826936662609CD0100755ABE /* BlackUtils.framework */;
			productType = "com.apple.product-type.framework";
		};
		8269366E2609CD0100755ABE /* BlackUtilsTests */ = {
			isa = PBXNativeTarget;
			buildConfigurationList = 8269367D2609CD0100755ABE /* Build configuration list for PBXNativeTarget "BlackUtilsTests" */;
			buildPhases = (
				8269366B2609CD0100755ABE /* Sources */,
				8269366C2609CD0100755ABE /* Frameworks */,
				8269366D2609CD0100755ABE /* Resources */,
			);
			buildRules = (
			);
			dependencies = (
				826936722609CD0100755ABE /* PBXTargetDependency */,
			);
			name = BlackUtilsTests;
			productName = BlackUtilsTests;
			productReference = 8269366F2609CD0100755ABE /* BlackUtilsTests.xctest */;
			productType = "com.apple.product-type.bundle.unit-test";
		};
		826936F52609D85E00755ABE /* BlackUtilsIOS */ = {
			isa = PBXNativeTarget;
			buildConfigurationList = 826936FB2609D85E00755ABE /* Build configuration list for PBXNativeTarget "BlackUtilsIOS" */;
			buildPhases = (
				826936F12609D85E00755ABE /* Headers */,
				826936F22609D85E00755ABE /* Sources */,
				826936F32609D85E00755ABE /* Frameworks */,
				826936F42609D85E00755ABE /* Resources */,
			);
			buildRules = (
			);
			dependencies = (
			);
			name = BlackUtilsIOS;
			productName = BlackUtils;
			productReference = 826936F62609D85E00755ABE /* BlackUtils.framework */;
			productType = "com.apple.product-type.framework";
		};
/* End PBXNativeTarget section */

/* Begin PBXProject section */
		8269365D2609CD0000755ABE /* Project object */ = {
			isa = PBXProject;
			attributes = {
				LastSwiftUpdateCheck = 1200;
				LastUpgradeCheck = 1200;
				TargetAttributes = {
					826936652609CD0100755ABE = {
						CreatedOnToolsVersion = 12.0;
					};
					8269366E2609CD0100755ABE = {
						CreatedOnToolsVersion = 12.0;
					};
					826936F52609D85E00755ABE = {
						CreatedOnToolsVersion = 12.0;
					};
				};
			};
			buildConfigurationList = 826936602609CD0000755ABE /* Build configuration list for PBXProject "BlackUtils" */;
			compatibilityVersion = "Xcode 9.3";
			developmentRegion = en;
			hasScannedForEncodings = 0;
			knownRegions = (
				en,
				Base,
			);
			mainGroup = 8269365C2609CD0000755ABE;
			productRefGroup = 826936672609CD0100755ABE /* Products */;
			projectDirPath = "";
			projectRoot = "";
			targets = (
				826936652609CD0100755ABE /* BlackUtilsOSX */,
				826936F52609D85E00755ABE /* BlackUtilsIOS */,
				8269366E2609CD0100755ABE /* BlackUtilsTests */,
			);
		};
/* End PBXProject section */

/* Begin PBXResourcesBuildPhase section */
		826936642609CD0100755ABE /* Resources */ = {
			isa = PBXResourcesBuildPhase;
			buildActionMask = 2147483647;
			files = (
			);
			runOnlyForDeploymentPostprocessing = 0;
		};
		8269366D2609CD0100755ABE /* Resources */ = {
			isa = PBXResourcesBuildPhase;
			buildActionMask = 2147483647;
			files = (
			);
			runOnlyForDeploymentPostprocessing = 0;
		};
		826936F42609D85E00755ABE /* Resources */ = {
			isa = PBXResourcesBuildPhase;
			buildActionMask = 2147483647;
			files = (
			);
			runOnlyForDeploymentPostprocessing = 0;
		};
/* End PBXResourcesBuildPhase section */

/* Begin PBXSourcesBuildPhase section */
		826936622609CD0100755ABE /* Sources */ = {
			isa = PBXSourcesBuildPhase;
			buildActionMask = 2147483647;
			files = (
				826936D52609CE8200755ABE /* Foundation.System.swift in Sources */,
				826936CD2609CE8200755ABE /* CoreGraphics.Display.swift in Sources */,
				826936C82609CE8200755ABE /* AppKit.ViewController.swift in Sources */,
				826936C52609CE8200755ABE /* AppKit.Alert.swift in Sources */,
				826936CC2609CE8200755ABE /* CoreGraphics.Array.swift in Sources */,
				826936CA2609CE8200755ABE /* AVFoundation.SampleBuffer.swift in Sources */,
				826936D72609CE8200755ABE /* Foundation.Thread.Exec.swift in Sources */,
				826936CB2609CE8200755ABE /* AVFoundation.swift in Sources */,
				826936E32609CE8200755ABE /* Swift.Pointers.swift in Sources */,
				826936DF2609CE8200755ABE /* Metal.Device.swift in Sources */,
				826936E12609CE8200755ABE /* QuartzCore.Layer.swift in Sources */,
				826936E52609CE8200755ABE /* Swift.Struct.swift in Sources */,
				826936E22609CE8200755ABE /* Swift.Collection.swift in Sources */,
				826936D12609CE8200755ABE /* CoreVideo.PixelBuffer.swift in Sources */,
				826936D32609CE8200755ABE /* Foundation.Dispatch.swift in Sources */,
				826936DD2609CE8200755ABE /* General.Status.swift in Sources */,
				826936D22609CE8200755ABE /* Foundation.Data.swift in Sources */,
				826936DB2609CE8200755ABE /* General.Dispatch.swift in Sources */,
				826936C62609CE8200755ABE /* AppKit.Appearance.swift in Sources */,
				826936C72609CE8200755ABE /* AppKit.View.swift in Sources */,
				826936DE2609CE8200755ABE /* Metal.CVMetalTexture.swift in Sources */,
				826936C92609CE8200755ABE /* AppKit.Window.swift in Sources */,
				826936CF2609CE8200755ABE /* CoreGraphics.General.swift in Sources */,
				826936DA2609CE8200755ABE /* Foundation.URL.swift in Sources */,
				826936E62609CE8200755ABE /* UI.Button.swift in Sources */,
				826936D62609CE8200755ABE /* Foundation.Thread.Background.swift in Sources */,
				826936CE2609CE8200755ABE /* CoreGraphics.Event.swift in Sources */,
				826936D42609CE8200755ABE /* Foundation.Lock.swift in Sources */,
				826936D02609CE8200755ABE /* CoreMedia.swift in Sources */,
				826936D82609CE8200755ABE /* Foundation.Thread.Wait.swift in Sources */,
				826936E02609CE8200755ABE /* Metal.General.swift in Sources */,
				826936DC2609CE8200755ABE /* General.Settings.swift in Sources */,
				826936D92609CE8200755ABE /* Foundation.Typedefs.swift in Sources */,
				826936E42609CE8200755ABE /* Swift.String.swift in Sources */,
			);
			runOnlyForDeploymentPostprocessing = 0;
		};
		8269366B2609CD0100755ABE /* Sources */ = {
			isa = PBXSourcesBuildPhase;
			buildActionMask = 2147483647;
			files = (
			);
			runOnlyForDeploymentPostprocessing = 0;
		};
		826936F22609D85E00755ABE /* Sources */ = {
			isa = PBXSourcesBuildPhase;
			buildActionMask = 2147483647;
			files = (
				826937222609D92100755ABE /* Foundation.Thread.Background.swift in Sources */,
				826937102609D92100755ABE /* General.Dispatch.swift in Sources */,
				8269371C2609D92100755ABE /* AVFoundation.SampleBuffer.swift in Sources */,
				826937232609D92100755ABE /* CoreGraphics.Display.swift in Sources */,
				826937142609D92100755ABE /* AppKit.Alert.swift in Sources */,
				826937182609D92100755ABE /* Swift.Struct.swift in Sources */,
				826937262609D92100755ABE /* CoreVideo.PixelBuffer.swift in Sources */,
				826937252609D92100755ABE /* CoreGraphics.Array.swift in Sources */,
				8269370B2609D92100755ABE /* Metal.Device.swift in Sources */,
				8269370A2609D92100755ABE /* AppKit.Window.swift in Sources */,
				8269370E2609D92100755ABE /* CoreGraphics.General.swift in Sources */,
				8269371F2609D92100755ABE /* AppKit.Appearance.swift in Sources */,
				8269371E2609D92100755ABE /* Metal.CVMetalTexture.swift in Sources */,
				826937282609D92100755ABE /* Foundation.URL.swift in Sources */,
				8269371A2609D92100755ABE /* Swift.Pointers.swift in Sources */,
				8269370D2609D92100755ABE /* UI.Button.swift in Sources */,
				8269372B2609D92100755ABE /* AppKit.View.swift in Sources */,
				826937272609D92100755ABE /* General.Status.swift in Sources */,
				826937162609D92100755ABE /* CoreGraphics.Event.swift in Sources */,
				826937172609D92100755ABE /* Foundation.Data.swift in Sources */,
				826937112609D92100755ABE /* Metal.General.swift in Sources */,
				826937242609D92100755ABE /* Swift.String.swift in Sources */,
				8269370F2609D92100755ABE /* Foundation.Lock.swift in Sources */,
				826937122609D92100755ABE /* QuartzCore.Layer.swift in Sources */,
				8269371B2609D92100755ABE /* Foundation.Dispatch.swift in Sources */,
				826937202609D92100755ABE /* Foundation.Typedefs.swift in Sources */,
				8269372A2609D92100755ABE /* Swift.Collection.swift in Sources */,
				826937192609D92100755ABE /* AppKit.ViewController.swift in Sources */,
				826937132609D92100755ABE /* Foundation.System.swift in Sources */,
				826937292609D92100755ABE /* AVFoundation.swift in Sources */,
				8269370C2609D92100755ABE /* Foundation.Thread.Exec.swift in Sources */,
				826937152609D92100755ABE /* CoreMedia.swift in Sources */,
				826937212609D92100755ABE /* General.Settings.swift in Sources */,
				8269371D2609D92100755ABE /* Foundation.Thread.Wait.swift in Sources */,
			);
			runOnlyForDeploymentPostprocessing = 0;
		};
/* End PBXSourcesBuildPhase section */

/* Begin PBXTargetDependency section */
		826936722609CD0100755ABE /* PBXTargetDependency */ = {
			isa = PBXTargetDependency;
			target = 826936652609CD0100755ABE /* BlackUtilsOSX */;
			targetProxy = 826936712609CD0100755ABE /* PBXContainerItemProxy */;
		};
/* End PBXTargetDependency section */

/* Begin XCBuildConfiguration section */
		826936782609CD0100755ABE /* Debug */ = {
			isa = XCBuildConfiguration;
			buildSettings = {
				ALWAYS_SEARCH_USER_PATHS = NO;
				CLANG_ANALYZER_NONNULL = YES;
				CLANG_ANALYZER_NUMBER_OBJECT_CONVERSION = YES_AGGRESSIVE;
				CLANG_CXX_LANGUAGE_STANDARD = "gnu++14";
				CLANG_CXX_LIBRARY = "libc++";
				CLANG_ENABLE_MODULES = YES;
				CLANG_ENABLE_OBJC_ARC = YES;
				CLANG_ENABLE_OBJC_WEAK = YES;
				CLANG_WARN_BLOCK_CAPTURE_AUTORELEASING = YES;
				CLANG_WARN_BOOL_CONVERSION = YES;
				CLANG_WARN_COMMA = YES;
				CLANG_WARN_CONSTANT_CONVERSION = YES;
				CLANG_WARN_DEPRECATED_OBJC_IMPLEMENTATIONS = YES;
				CLANG_WARN_DIRECT_OBJC_ISA_USAGE = YES_ERROR;
				CLANG_WARN_DOCUMENTATION_COMMENTS = YES;
				CLANG_WARN_EMPTY_BODY = YES;
				CLANG_WARN_ENUM_CONVERSION = YES;
				CLANG_WARN_INFINITE_RECURSION = YES;
				CLANG_WARN_INT_CONVERSION = YES;
				CLANG_WARN_NON_LITERAL_NULL_CONVERSION = YES;
				CLANG_WARN_OBJC_IMPLICIT_RETAIN_SELF = YES;
				CLANG_WARN_OBJC_LITERAL_CONVERSION = YES;
				CLANG_WARN_OBJC_ROOT_CLASS = YES_ERROR;
				CLANG_WARN_QUOTED_INCLUDE_IN_FRAMEWORK_HEADER = YES;
				CLANG_WARN_RANGE_LOOP_ANALYSIS = YES;
				CLANG_WARN_STRICT_PROTOTYPES = YES;
				CLANG_WARN_SUSPICIOUS_MOVE = YES;
				CLANG_WARN_UNGUARDED_AVAILABILITY = YES_AGGRESSIVE;
				CLANG_WARN_UNREACHABLE_CODE = YES;
				CLANG_WARN__DUPLICATE_METHOD_MATCH = YES;
				COPY_PHASE_STRIP = NO;
				CURRENT_PROJECT_VERSION = 1;
				DEBUG_INFORMATION_FORMAT = dwarf;
				ENABLE_STRICT_OBJC_MSGSEND = YES;
				ENABLE_TESTABILITY = YES;
				GCC_C_LANGUAGE_STANDARD = gnu11;
				GCC_DYNAMIC_NO_PIC = NO;
				GCC_NO_COMMON_BLOCKS = YES;
				GCC_OPTIMIZATION_LEVEL = 0;
				GCC_PREPROCESSOR_DEFINITIONS = (
					"DEBUG=1",
					"$(inherited)",
				);
				GCC_WARN_64_TO_32_BIT_CONVERSION = YES;
				GCC_WARN_ABOUT_RETURN_TYPE = YES_ERROR;
				GCC_WARN_UNDECLARED_SELECTOR = YES;
				GCC_WARN_UNINITIALIZED_AUTOS = YES_AGGRESSIVE;
				GCC_WARN_UNUSED_FUNCTION = YES;
				GCC_WARN_UNUSED_VARIABLE = YES;
				IPHONEOS_DEPLOYMENT_TARGET = 9.0;
				MACOSX_DEPLOYMENT_TARGET = 10.11;
				MTL_ENABLE_DEBUG_INFO = INCLUDE_SOURCE;
				MTL_FAST_MATH = YES;
				ONLY_ACTIVE_ARCH = YES;
				SDKROOT = macosx;
				SWIFT_ACTIVE_COMPILATION_CONDITIONS = DEBUG;
				SWIFT_OPTIMIZATION_LEVEL = "-Onone";
				VERSIONING_SYSTEM = "apple-generic";
				VERSION_INFO_PREFIX = "";
			};
			name = Debug;
		};
		826936792609CD0100755ABE /* Release */ = {
			isa = XCBuildConfiguration;
			buildSettings = {
				ALWAYS_SEARCH_USER_PATHS = NO;
				CLANG_ANALYZER_NONNULL = YES;
				CLANG_ANALYZER_NUMBER_OBJECT_CONVERSION = YES_AGGRESSIVE;
				CLANG_CXX_LANGUAGE_STANDARD = "gnu++14";
				CLANG_CXX_LIBRARY = "libc++";
				CLANG_ENABLE_MODULES = YES;
				CLANG_ENABLE_OBJC_ARC = YES;
				CLANG_ENABLE_OBJC_WEAK = YES;
				CLANG_WARN_BLOCK_CAPTURE_AUTORELEASING = YES;
				CLANG_WARN_BOOL_CONVERSION = YES;
				CLANG_WARN_COMMA = YES;
				CLANG_WARN_CONSTANT_CONVERSION = YES;
				CLANG_WARN_DEPRECATED_OBJC_IMPLEMENTATIONS = YES;
				CLANG_WARN_DIRECT_OBJC_ISA_USAGE = YES_ERROR;
				CLANG_WARN_DOCUMENTATION_COMMENTS = YES;
				CLANG_WARN_EMPTY_BODY = YES;
				CLANG_WARN_ENUM_CONVERSION = YES;
				CLANG_WARN_INFINITE_RECURSION = YES;
				CLANG_WARN_INT_CONVERSION = YES;
				CLANG_WARN_NON_LITERAL_NULL_CONVERSION = YES;
				CLANG_WARN_OBJC_IMPLICIT_RETAIN_SELF = YES;
				CLANG_WARN_OBJC_LITERAL_CONVERSION = YES;
				CLANG_WARN_OBJC_ROOT_CLASS = YES_ERROR;
				CLANG_WARN_QUOTED_INCLUDE_IN_FRAMEWORK_HEADER = YES;
				CLANG_WARN_RANGE_LOOP_ANALYSIS = YES;
				CLANG_WARN_STRICT_PROTOTYPES = YES;
				CLANG_WARN_SUSPICIOUS_MOVE = YES;
				CLANG_WARN_UNGUARDED_AVAILABILITY = YES_AGGRESSIVE;
				CLANG_WARN_UNREACHABLE_CODE = YES;
				CLANG_WARN__DUPLICATE_METHOD_MATCH = YES;
				COPY_PHASE_STRIP = NO;
				CURRENT_PROJECT_VERSION = 1;
				DEBUG_INFORMATION_FORMAT = "dwarf-with-dsym";
				ENABLE_NS_ASSERTIONS = NO;
				ENABLE_STRICT_OBJC_MSGSEND = YES;
				GCC_C_LANGUAGE_STANDARD = gnu11;
				GCC_NO_COMMON_BLOCKS = YES;
				GCC_WARN_64_TO_32_BIT_CONVERSION = YES;
				GCC_WARN_ABOUT_RETURN_TYPE = YES_ERROR;
				GCC_WARN_UNDECLARED_SELECTOR = YES;
				GCC_WARN_UNINITIALIZED_AUTOS = YES_AGGRESSIVE;
				GCC_WARN_UNUSED_FUNCTION = YES;
				GCC_WARN_UNUSED_VARIABLE = YES;
				IPHONEOS_DEPLOYMENT_TARGET = 9.0;
				MACOSX_DEPLOYMENT_TARGET = 10.11;
				MTL_ENABLE_DEBUG_INFO = NO;
				MTL_FAST_MATH = YES;
				SDKROOT = macosx;
				SWIFT_COMPILATION_MODE = wholemodule;
				SWIFT_OPTIMIZATION_LEVEL = "-O";
				VERSIONING_SYSTEM = "apple-generic";
				VERSION_INFO_PREFIX = "";
			};
			name = Release;
		};
		8269367B2609CD0100755ABE /* Debug */ = {
			isa = XCBuildConfiguration;
			buildSettings = {
				CODE_SIGN_STYLE = Automatic;
				COMBINE_HIDPI_IMAGES = YES;
				DEFINES_MODULE = YES;
				DEVELOPMENT_TEAM = BLY6A8TNQK;
				DYLIB_COMPATIBILITY_VERSION = 1;
				DYLIB_CURRENT_VERSION = 1;
				DYLIB_INSTALL_NAME_BASE = "@rpath";
				INFOPLIST_FILE = Info.plist;
				INSTALL_PATH = "$(LOCAL_LIBRARY_DIR)/Frameworks";
				LD_RUNPATH_SEARCH_PATHS = (
					"$(inherited)",
					"@executable_path/../Frameworks",
					"@loader_path/Frameworks",
				);
				PRODUCT_BUNDLE_IDENTIFIER = com.vorost.blackutils.osx;
				PRODUCT_NAME = BlackUtils;
				SKIP_INSTALL = YES;
				SWIFT_VERSION = 5.0;
			};
			name = Debug;
		};
		8269367C2609CD0100755ABE /* Release */ = {
			isa = XCBuildConfiguration;
			buildSettings = {
				CODE_SIGN_STYLE = Automatic;
				COMBINE_HIDPI_IMAGES = YES;
				DEFINES_MODULE = YES;
				DEVELOPMENT_TEAM = BLY6A8TNQK;
				DYLIB_COMPATIBILITY_VERSION = 1;
				DYLIB_CURRENT_VERSION = 1;
				DYLIB_INSTALL_NAME_BASE = "@rpath";
				INFOPLIST_FILE = Info.plist;
				INSTALL_PATH = "$(LOCAL_LIBRARY_DIR)/Frameworks";
				LD_RUNPATH_SEARCH_PATHS = (
					"$(inherited)",
					"@executable_path/../Frameworks",
					"@loader_path/Frameworks",
				);
				PRODUCT_BUNDLE_IDENTIFIER = com.vorost.blackutils.osx;
				PRODUCT_NAME = BlackUtils;
				SKIP_INSTALL = YES;
				SWIFT_VERSION = 5.0;
			};
			name = Release;
		};
		8269367E2609CD0100755ABE /* Debug */ = {
			isa = XCBuildConfiguration;
			buildSettings = {
				ALWAYS_EMBED_SWIFT_STANDARD_LIBRARIES = YES;
				CODE_SIGN_STYLE = Automatic;
				COMBINE_HIDPI_IMAGES = YES;
				DEVELOPMENT_TEAM = BLY6A8TNQK;
				INFOPLIST_FILE = BlackUtilsTests/Info.plist;
				LD_RUNPATH_SEARCH_PATHS = (
					"$(inherited)",
					"@executable_path/../Frameworks",
					"@loader_path/../Frameworks",
				);
				PRODUCT_BUNDLE_IDENTIFIER = com.vorost.BlackUtilsTests;
				PRODUCT_NAME = "$(TARGET_NAME)";
				SWIFT_VERSION = 5.0;
			};
			name = Debug;
		};
		8269367F2609CD0100755ABE /* Release */ = {
			isa = XCBuildConfiguration;
			buildSettings = {
				ALWAYS_EMBED_SWIFT_STANDARD_LIBRARIES = YES;
				CODE_SIGN_STYLE = Automatic;
				COMBINE_HIDPI_IMAGES = YES;
				DEVELOPMENT_TEAM = BLY6A8TNQK;
				INFOPLIST_FILE = BlackUtilsTests/Info.plist;
				LD_RUNPATH_SEARCH_PATHS = (
					"$(inherited)",
					"@executable_path/../Frameworks",
					"@loader_path/../Frameworks",
				);
				PRODUCT_BUNDLE_IDENTIFIER = com.vorost.BlackUtilsTests;
				PRODUCT_NAME = "$(TARGET_NAME)";
				SWIFT_VERSION = 5.0;
			};
			name = Release;
		};
		826936FC2609D85E00755ABE /* Debug */ = {
			isa = XCBuildConfiguration;
			buildSettings = {
				CODE_SIGN_STYLE = Automatic;
				DEFINES_MODULE = YES;
				DEVELOPMENT_TEAM = BLY6A8TNQK;
				DYLIB_COMPATIBILITY_VERSION = 1;
				DYLIB_CURRENT_VERSION = 1;
				DYLIB_INSTALL_NAME_BASE = "@rpath";
				INFOPLIST_FILE = Info.plist;
				INSTALL_PATH = "$(LOCAL_LIBRARY_DIR)/Frameworks";
				LD_RUNPATH_SEARCH_PATHS = (
					"$(inherited)",
					"@executable_path/Frameworks",
					"@loader_path/Frameworks",
				);
				PRODUCT_BUNDLE_IDENTIFIER = com.vorost.blackutils.ios;
				PRODUCT_NAME = BlackUtils;
				SDKROOT = iphoneos;
				SKIP_INSTALL = YES;
				SWIFT_VERSION = 5.0;
				TARGETED_DEVICE_FAMILY = "1,2";
			};
			name = Debug;
		};
		826936FD2609D85E00755ABE /* Release */ = {
			isa = XCBuildConfiguration;
			buildSettings = {
				CODE_SIGN_STYLE = Automatic;
				DEFINES_MODULE = YES;
				DEVELOPMENT_TEAM = BLY6A8TNQK;
				DYLIB_COMPATIBILITY_VERSION = 1;
				DYLIB_CURRENT_VERSION = 1;
				DYLIB_INSTALL_NAME_BASE = "@rpath";
				INFOPLIST_FILE = Info.plist;
				INSTALL_PATH = "$(LOCAL_LIBRARY_DIR)/Frameworks";
				LD_RUNPATH_SEARCH_PATHS = (
					"$(inherited)",
					"@executable_path/Frameworks",
					"@loader_path/Frameworks",
				);
				PRODUCT_BUNDLE_IDENTIFIER = com.vorost.blackutils.ios;
				PRODUCT_NAME = BlackUtils;
				SDKROOT = iphoneos;
				SKIP_INSTALL = YES;
				SWIFT_VERSION = 5.0;
				TARGETED_DEVICE_FAMILY = "1,2";
				VALIDATE_PRODUCT = YES;
			};
			name = Release;
		};
/* End XCBuildConfiguration section */

/* Begin XCConfigurationList section */
		826936602609CD0000755ABE /* Build configuration list for PBXProject "BlackUtils" */ = {
			isa = XCConfigurationList;
			buildConfigurations = (
				826936782609CD0100755ABE /* Debug */,
				826936792609CD0100755ABE /* Release */,
			);
			defaultConfigurationIsVisible = 0;
			defaultConfigurationName = Release;
		};
		8269367A2609CD0100755ABE /* Build configuration list for PBXNativeTarget "BlackUtilsOSX" */ = {
			isa = XCConfigurationList;
			buildConfigurations = (
				8269367B2609CD0100755ABE /* Debug */,
				8269367C2609CD0100755ABE /* Release */,
			);
			defaultConfigurationIsVisible = 0;
			defaultConfigurationName = Release;
		};
		8269367D2609CD0100755ABE /* Build configuration list for PBXNativeTarget "BlackUtilsTests" */ = {
			isa = XCConfigurationList;
			buildConfigurations = (
				8269367E2609CD0100755ABE /* Debug */,
				8269367F2609CD0100755ABE /* Release */,
			);
			defaultConfigurationIsVisible = 0;
			defaultConfigurationName = Release;
		};
		826936FB2609D85E00755ABE /* Build configuration list for PBXNativeTarget "BlackUtilsIOS" */ = {
			isa = XCConfigurationList;
			buildConfigurations = (
				826936FC2609D85E00755ABE /* Debug */,
				826936FD2609D85E00755ABE /* Release */,
			);
			defaultConfigurationIsVisible = 0;
			defaultConfigurationName = Release;
		};
/* End XCConfigurationList section */
	};
	rootObject = 8269365D2609CD0000755ABE /* Project object */;
}
